
Microsoft Visual Studio Solution File, Format Version 12.00
# Visual Studio Version 17
VisualStudioVersion = 17.8.34330.188
MinimumVisualStudioVersion = 10.0.40219.1
Project("{FAE04EC0-301F-11D3-BF4B-00C04F79EFBC}") = "NewApp", "NewApp\NewApp.csproj", "{FDDE5CCC-B0BD-432E-A28C-0D75DED602A2}"
EndProject
Global
	GlobalSection(SolutionConfigurationPlatforms) = preSolution
		Debug|Any CPU = Debug|Any CPU
		Release|Any CPU = Release|Any CPU
	EndGlobalSection
	GlobalSection(ProjectConfigurationPlatforms) = postSolution
		{FDDE5CCC-B0BD-432E-A28C-0D75DED602A2}.Debug|Any CPU.ActiveCfg = Debug|Any CPU
		{FDDE5CCC-B0BD-432E-A28C-0D75DED602A2}.Debug|Any CPU.Build.0 = Debug|Any CPU
		{FDDE5CCC-B0BD-432E-A28C-0D75DED602A2}.Release|Any CPU.ActiveCfg = Release|Any CPU
		{FDDE5CCC-B0BD-432E-A28C-0D75DED602A2}.Release|Any CPU.Build.0 = Release|Any CPU
	EndGlobalSection
	GlobalSection(SolutionProperties) = preSolution
		HideSolutionNode = FALSE
	EndGlobalSection
	GlobalSection(ExtensibilityGlobals) = postSolution
		SolutionGuid = {58AD8563-04DE-461D-8B33-F76F9161A7A3}
	EndGlobalSection
EndGlobal
